
Microsoft Visual Studio Solution File, Format Version 12.00
# Visual Studio Version 17
VisualStudioVersion = 17.6.33723.286
MinimumVisualStudioVersion = 10.0.40219.1
Project("{8BC9CEB8-8B4A-11D0-8D11-00A0C91BC942}") = "SRW", "SRW.vcxproj", "{F95ABC1D-A3AB-A2D5-2CBD-B04326BE59B0}"
EndProject
Global
	GlobalSection(SolutionConfigurationPlatforms) = preSolution
		Release|x64 = Release|x64
		Release|x86 = Release|x86
	EndGlobalSection
	GlobalSection(ProjectConfigurationPlatforms) = postSolution
		{F95ABC1D-A3AB-A2D5-2CBD-B04326BE59B0}.Release|x64.ActiveCfg = Release|x64
		{F95ABC1D-A3AB-A2D5-2CBD-B04326BE59B0}.Release|x64.Build.0 = Release|x64
		{F95ABC1D-A3AB-A2D5-2CBD-B04326BE59B0}.Release|x86.ActiveCfg = Release|x64
	EndGlobalSection
	GlobalSection(SolutionProperties) = preSolution
		HideSolutionNode = FALSE
	EndGlobalSection
	GlobalSection(ExtensibilityGlobals) = postSolution
		SolutionGuid = {3BA5AF64-B11A-4295-B8F7-3404855FB84E}
	EndGlobalSection
EndGlobal
